{
  "name": "common",
  "version": "1.0.0",
  "lockfileVersion": 3,
  "requires": true,
  "packages": {
    "": {
      "name": "common",
      "version": "1.0.0",
      "license": "ISC",
      "dependencies": {
        "zod": "^3.24.1",
        "zor": "^1.1.5"
      }
    },
    "node_modules/zod": {
      "version": "3.24.1",
      "resolved": "https://registry.npmjs.org/zod/-/zod-3.24.1.tgz",
      "integrity": "sha512-muH7gBL9sI1nciMZV67X5fTKKBLtwpZ5VBp1vsOQzj1MhrBZ4wlVCm3gedKZWLp0Oyel8sIGfeiz54Su+OVT+A==",
      "license": "MIT",
      "funding": {
        "url": "https://github.com/sponsors/colinhacks"
      }
    },
    "node_modules/zor": {
      "version": "1.1.5",
      "resolved": "https://registry.npmjs.org/zor/-/zor-1.1.5.tgz",
      "integrity": "sha512-w4BcfghHOC9UOf8NTbFb0K+CuHuok5TaARwFnpG730qwkrKgvmVm7JVeDoddNT/+pjvi7mNJc1e/W+Q1+2Uckw==",
      "license": "ISC",
      "bin": {
        "zor": "index.js"
      }
    }
  }
}
